
Microsoft Visual Studio Solution File, Format Version 12.00
# Visual Studio Version 17
VisualStudioVersion = 17.7.34202.233
MinimumVisualStudioVersion = 10.0.40219.1
Project("{FAE04EC0-301F-11D3-BF4B-00C04F79EFBC}") = "FootballSimProject", "FootballSimProject\FootballSimProject.csproj", "{48016073-FE00-4FBC-96FB-31E75BA16679}"
EndProject
Global
	GlobalSection(SolutionConfigurationPlatforms) = preSolution
		Debug|Any CPU = Debug|Any CPU
		Release|Any CPU = Release|Any CPU
	EndGlobalSection
	GlobalSection(ProjectConfigurationPlatforms) = postSolution
		{48016073-FE00-4FBC-96FB-31E75BA16679}.Debug|Any CPU.ActiveCfg = Debug|Any CPU
		{48016073-FE00-4FBC-96FB-31E75BA16679}.Debug|Any CPU.Build.0 = Debug|Any CPU
		{48016073-FE00-4FBC-96FB-31E75BA16679}.Release|Any CPU.ActiveCfg = Release|Any CPU
		{48016073-FE00-4FBC-96FB-31E75BA16679}.Release|Any CPU.Build.0 = Release|Any CPU
	EndGlobalSection
	GlobalSection(SolutionProperties) = preSolution
		HideSolutionNode = FALSE
	EndGlobalSection
	GlobalSection(ExtensibilityGlobals) = postSolution
		SolutionGuid = {92AC6A65-8878-4CC5-87E6-DC2F70B05BA9}
	EndGlobalSection
EndGlobal
